
Microsoft Visual Studio Solution File, Format Version 12.00
# Visual Studio Version 17
VisualStudioVersion = 17.8.34330.188
MinimumVisualStudioVersion = 10.0.40219.1
Project("{FAE04EC0-301F-11D3-BF4B-00C04F79EFBC}") = "API", "API\API.csproj", "{554FE143-CEBC-411C-B065-1EF79810EEAF}"
EndProject
Project("{FAE04EC0-301F-11D3-BF4B-00C04F79EFBC}") = "Application", "Application\Application.csproj", "{A7E72157-43F6-4F20-A7F6-638506528DA9}"
EndProject
Project("{FAE04EC0-301F-11D3-BF4B-00C04F79EFBC}") = "Domain", "Domain\Domain.csproj", "{ECC50125-21D1-45B3-BB32-0735278A95BA}"
EndProject
Project("{FAE04EC0-301F-11D3-BF4B-00C04F79EFBC}") = "Infrastructure", "Infrastructure\Infrastructure.csproj", "{07AA273A-33F4-4416-89DD-6A657BEB086F}"
EndProject
Project("{FAE04EC0-301F-11D3-BF4B-00C04F79EFBC}") = "Tests", "Tests\Tests.csproj", "{57BB77A0-A70A-4D77-99CB-1B83780A54CA}"
EndProject
Global
	GlobalSection(SolutionConfigurationPlatforms) = preSolution
		Debug|Any CPU = Debug|Any CPU
		Release|Any CPU = Release|Any CPU
	EndGlobalSection
	GlobalSection(ProjectConfigurationPlatforms) = postSolution
		{554FE143-CEBC-411C-B065-1EF79810EEAF}.Debug|Any CPU.ActiveCfg = Debug|Any CPU
		{554FE143-CEBC-411C-B065-1EF79810EEAF}.Debug|Any CPU.Build.0 = Debug|Any CPU
		{554FE143-CEBC-411C-B065-1EF79810EEAF}.Release|Any CPU.ActiveCfg = Release|Any CPU
		{554FE143-CEBC-411C-B065-1EF79810EEAF}.Release|Any CPU.Build.0 = Release|Any CPU
		{A7E72157-43F6-4F20-A7F6-638506528DA9}.Debug|Any CPU.ActiveCfg = Debug|Any CPU
		{A7E72157-43F6-4F20-A7F6-638506528DA9}.Debug|Any CPU.Build.0 = Debug|Any CPU
		{A7E72157-43F6-4F20-A7F6-638506528DA9}.Release|Any CPU.ActiveCfg = Release|Any CPU
		{A7E72157-43F6-4F20-A7F6-638506528DA9}.Release|Any CPU.Build.0 = Release|Any CPU
		{ECC50125-21D1-45B3-BB32-0735278A95BA}.Debug|Any CPU.ActiveCfg = Debug|Any CPU
		{ECC50125-21D1-45B3-BB32-0735278A95BA}.Debug|Any CPU.Build.0 = Debug|Any CPU
		{ECC50125-21D1-45B3-BB32-0735278A95BA}.Release|Any CPU.ActiveCfg = Release|Any CPU
		{ECC50125-21D1-45B3-BB32-0735278A95BA}.Release|Any CPU.Build.0 = Release|Any CPU
		{07AA273A-33F4-4416-89DD-6A657BEB086F}.Debug|Any CPU.ActiveCfg = Debug|Any CPU
		{07AA273A-33F4-4416-89DD-6A657BEB086F}.Debug|Any CPU.Build.0 = Debug|Any CPU
		{07AA273A-33F4-4416-89DD-6A657BEB086F}.Release|Any CPU.ActiveCfg = Release|Any CPU
		{07AA273A-33F4-4416-89DD-6A657BEB086F}.Release|Any CPU.Build.0 = Release|Any CPU
		{57BB77A0-A70A-4D77-99CB-1B83780A54CA}.Debug|Any CPU.ActiveCfg = Debug|Any CPU
		{57BB77A0-A70A-4D77-99CB-1B83780A54CA}.Debug|Any CPU.Build.0 = Debug|Any CPU
		{57BB77A0-A70A-4D77-99CB-1B83780A54CA}.Release|Any CPU.ActiveCfg = Release|Any CPU
		{57BB77A0-A70A-4D77-99CB-1B83780A54CA}.Release|Any CPU.Build.0 = Release|Any CPU
	EndGlobalSection
	GlobalSection(SolutionProperties) = preSolution
		HideSolutionNode = FALSE
	EndGlobalSection
	GlobalSection(ExtensibilityGlobals) = postSolution
		SolutionGuid = {85B3353B-18DC-41EC-8DC1-1C6109BE278C}
	EndGlobalSection
EndGlobal
